
Microsoft Visual Studio Solution File, Format Version 12.00
# Visual Studio Version 16
VisualStudioVersion = 16.0.29102.190
MinimumVisualStudioVersion = 10.0.40219.1
Project("{FAE04EC0-301F-11D3-BF4B-00C04F79EFBC}") = "FamilyPics", "FamilyPics\FamilyPics.csproj", "{8FD05916-1751-4897-AEE2-B09643030F2D}"
EndProject
Global
	GlobalSection(SolutionConfigurationPlatforms) = preSolution
		Debug|Any CPU = Debug|Any CPU
		Release|Any CPU = Release|Any CPU
	EndGlobalSection
	GlobalSection(ProjectConfigurationPlatforms) = postSolution
		{8FD05916-1751-4897-AEE2-B09643030F2D}.Debug|Any CPU.ActiveCfg = Debug|Any CPU
		{8FD05916-1751-4897-AEE2-B09643030F2D}.Debug|Any CPU.Build.0 = Debug|Any CPU
		{8FD05916-1751-4897-AEE2-B09643030F2D}.Release|Any CPU.ActiveCfg = Release|Any CPU
		{8FD05916-1751-4897-AEE2-B09643030F2D}.Release|Any CPU.Build.0 = Release|Any CPU
	EndGlobalSection
	GlobalSection(SolutionProperties) = preSolution
		HideSolutionNode = FALSE
	EndGlobalSection
	GlobalSection(ExtensibilityGlobals) = postSolution
		SolutionGuid = {95AF98DC-1183-4CFD-812C-2477EC8C093B}
	EndGlobalSection
EndGlobal
